
Microsoft Visual Studio Solution File, Format Version 12.00
# Visual Studio Version 17
VisualStudioVersion = 17.0.31903.59
MinimumVisualStudioVersion = 10.0.40219.1
Project("{FAE04EC0-301F-11D3-BF4B-00C04F79EFBC}") = "Console", "Console\Console.csproj", "{3940A9DA-A6BE-42EF-B19D-F9A9AA499DF9}"
EndProject
Project("{FAE04EC0-301F-11D3-BF4B-00C04F79EFBC}") = "Core", "Core\Core.csproj", "{3AD07964-76C1-4CFA-A0DA-71419339168E}"
EndProject
Global
	GlobalSection(SolutionConfigurationPlatforms) = preSolution
		Debug|Any CPU = Debug|Any CPU
		Release|Any CPU = Release|Any CPU
	EndGlobalSection
	GlobalSection(SolutionProperties) = preSolution
		HideSolutionNode = FALSE
	EndGlobalSection
	GlobalSection(ProjectConfigurationPlatforms) = postSolution
		{3940A9DA-A6BE-42EF-B19D-F9A9AA499DF9}.Debug|Any CPU.ActiveCfg = Debug|Any CPU
		{3940A9DA-A6BE-42EF-B19D-F9A9AA499DF9}.Debug|Any CPU.Build.0 = Debug|Any CPU
		{3940A9DA-A6BE-42EF-B19D-F9A9AA499DF9}.Release|Any CPU.ActiveCfg = Release|Any CPU
		{3940A9DA-A6BE-42EF-B19D-F9A9AA499DF9}.Release|Any CPU.Build.0 = Release|Any CPU
		{3AD07964-76C1-4CFA-A0DA-71419339168E}.Debug|Any CPU.ActiveCfg = Debug|Any CPU
		{3AD07964-76C1-4CFA-A0DA-71419339168E}.Debug|Any CPU.Build.0 = Debug|Any CPU
		{3AD07964-76C1-4CFA-A0DA-71419339168E}.Release|Any CPU.ActiveCfg = Release|Any CPU
		{3AD07964-76C1-4CFA-A0DA-71419339168E}.Release|Any CPU.Build.0 = Release|Any CPU
	EndGlobalSection
EndGlobal
